// !$*UTF8*$!
{
	archiveVersion = 1;
	classes = {
	};
	objectVersion = 56;
	objects = {

/* Begin PBXBuildFile section */
		D11B181B296022A800DC6AEE /* IntroSliderApp.swift in Sources */ = {isa = PBXBuildFile; fileRef = D11B181A296022A800DC6AEE /* IntroSliderApp.swift */; };
		D11B181D296022A800DC6AEE /* ContentView.swift in Sources */ = {isa = PBXBuildFile; fileRef = D11B181C296022A800DC6AEE /* ContentView.swift */; };
		D11B181F296022AA00DC6AEE /* Assets.xcassets in Resources */ = {isa = PBXBuildFile; fileRef = D11B181E296022AA00DC6AEE /* Assets.xcassets */; };
		D11B1822296022AA00DC6AEE /* Preview Assets.xcassets in Resources */ = {isa = PBXBuildFile; fileRef = D11B1821296022AA00DC6AEE /* Preview Assets.xcassets */; };
		D11B182A2960230B00DC6AEE /* Lottie in Frameworks */ = {isa = PBXBuildFile; productRef = D11B18292960230B00DC6AEE /* Lottie */; };
		D11B182E2960232700DC6AEE /* OnboardingItem.swift in Sources */ = {isa = PBXBuildFile; fileRef = D11B182D2960232700DC6AEE /* OnboardingItem.swift */; };
		D11B18302960238600DC6AEE /* OnboardingScreen.swift in Sources */ = {isa = PBXBuildFile; fileRef = D11B182F2960238600DC6AEE /* OnboardingScreen.swift */; };
		D11B183629602B6400DC6AEE /* lottie3.json in Resources */ = {isa = PBXBuildFile; fileRef = D11B183329602B6400DC6AEE /* lottie3.json */; };
		D11B183729602B6400DC6AEE /* lottie1.json in Resources */ = {isa = PBXBuildFile; fileRef = D11B183429602B6400DC6AEE /* lottie1.json */; };
		D11B183829602B6400DC6AEE /* lottie2.json in Resources */ = {isa = PBXBuildFile; fileRef = D11B183529602B6400DC6AEE /* lottie2.json */; };
		D11B183A29602BD900DC6AEE /* Then.swift in Sources */ = {isa = PBXBuildFile; fileRef = D11B183929602BD900DC6AEE /* Then.swift */; };
/* End PBXBuildFile section */

/* Begin PBXFileReference section */
		D11B1817296022A800DC6AEE /* IntroSlider.app */ = {isa = PBXFileReference; explicitFileType = wrapper.application; includeInIndex = 0; path = IntroSlider.app; sourceTree = BUILT_PRODUCTS_DIR; };
		D11B181A296022A800DC6AEE /* IntroSliderApp.swift */ = {isa = PBXFileReference; lastKnownFileType = sourcecode.swift; path = IntroSliderApp.swift; sourceTree = "<group>"; };
		D11B181C296022A800DC6AEE /* ContentView.swift */ = {isa = PBXFileReference; lastKnownFileType = sourcecode.swift; path = ContentView.swift; sourceTree = "<group>"; };
		D11B181E296022AA00DC6AEE /* Assets.xcassets */ = {isa = PBXFileReference; lastKnownFileType = folder.assetcatalog; path = Assets.xcassets; sourceTree = "<group>"; };
		D11B1821296022AA00DC6AEE /* Preview Assets.xcassets */ = {isa = PBXFileReference; lastKnownFileType = folder.assetcatalog; path = "Preview Assets.xcassets"; sourceTree = "<group>"; };
		D11B182D2960232700DC6AEE /* OnboardingItem.swift */ = {isa = PBXFileReference; lastKnownFileType = sourcecode.swift; path = OnboardingItem.swift; sourceTree = "<group>"; };
		D11B182F2960238600DC6AEE /* OnboardingScreen.swift */ = {isa = PBXFileReference; lastKnownFileType = sourcecode.swift; path = OnboardingScreen.swift; sourceTree = "<group>"; };
		D11B183329602B6400DC6AEE /* lottie3.json */ = {isa = PBXFileReference; lastKnownFileType = text.json; name = lottie3.json; path = IntroSlider/Lottie/lottie3.json; sourceTree = "<group>"; };
		D11B183429602B6400DC6AEE /* lottie1.json */ = {isa = PBXFileReference; lastKnownFileType = text.json; name = lottie1.json; path = IntroSlider/Lottie/lottie1.json; sourceTree = "<group>"; };
		D11B183529602B6400DC6AEE /* lottie2.json */ = {isa = PBXFileReference; lastKnownFileType = text.json; name = lottie2.json; path = IntroSlider/Lottie/lottie2.json; sourceTree = "<group>"; };
		D11B183929602BD900DC6AEE /* Then.swift */ = {isa = PBXFileReference; lastKnownFileType = sourcecode.swift; path = Then.swift; sourceTree = "<group>"; };
/* End PBXFileReference section */

/* Begin PBXFrameworksBuildPhase section */
		D11B1814296022A800DC6AEE /* Frameworks */ = {
			isa = PBXFrameworksBuildPhase;
			buildActionMask = 2147483647;
			files = (
				D11B182A2960230B00DC6AEE /* Lottie in Frameworks */,
			);
			runOnlyForDeploymentPostprocessing = 0;
		};
/* End PBXFrameworksBuildPhase section */

/* Begin PBXGroup section */
		D11B180E296022A800DC6AEE = {
			isa = PBXGroup;
			children = (
				D11B183429602B6400DC6AEE /* lottie1.json */,
				D11B183529602B6400DC6AEE /* lottie2.json */,
				D11B183329602B6400DC6AEE /* lottie3.json */,
				D11B1819296022A800DC6AEE /* IntroSlider */,
				D11B1818296022A800DC6AEE /* Products */,
			);
			sourceTree = "<group>";
		};
		D11B1818296022A800DC6AEE /* Products */ = {
			isa = PBXGroup;
			children = (
				D11B1817296022A800DC6AEE /* IntroSlider.app */,
			);
			name = Products;
			sourceTree = "<group>";
		};
		D11B1819296022A800DC6AEE /* IntroSlider */ = {
			isa = PBXGroup;
			children = (
				D11B182C2960231700DC6AEE /* Model */,
				D11B182B2960230F00DC6AEE /* View */,
				D11B181A296022A800DC6AEE /* IntroSliderApp.swift */,
				D11B181C296022A800DC6AEE /* ContentView.swift */,
				D11B181E296022AA00DC6AEE /* Assets.xcassets */,
				D11B1820296022AA00DC6AEE /* Preview Content */,
				D11B183929602BD900DC6AEE /* Then.swift */,
			);
			path = IntroSlider;
			sourceTree = "<group>";
		};
		D11B1820296022AA00DC6AEE /* Preview Content */ = {
			isa = PBXGroup;
			children = (
				D11B1821296022AA00DC6AEE /* Preview Assets.xcassets */,
			);
			path = "Preview Content";
			sourceTree = "<group>";
		};
		D11B182B2960230F00DC6AEE /* View */ = {
			isa = PBXGroup;
			children = (
				D11B182F2960238600DC6AEE /* OnboardingScreen.swift */,
			);
			path = View;
			sourceTree = "<group>";
		};
		D11B182C2960231700DC6AEE /* Model */ = {
			isa = PBXGroup;
			children = (
				D11B182D2960232700DC6AEE /* OnboardingItem.swift */,
			);
			path = Model;
			sourceTree = "<group>";
		};
/* End PBXGroup section */

/* Begin PBXNativeTarget section */
		D11B1816296022A800DC6AEE /* IntroSlider */ = {
			isa = PBXNativeTarget;
			buildConfigurationList = D11B1825296022AA00DC6AEE /* Build configuration list for PBXNativeTarget "IntroSlider" */;
			buildPhases = (
				D11B1813296022A800DC6AEE /* Sources */,
				D11B1814296022A800DC6AEE /* Frameworks */,
				D11B1815296022A800DC6AEE /* Resources */,
			);
			buildRules = (
			);
			dependencies = (
			);
			name = IntroSlider;
			packageProductDependencies = (
				D11B18292960230B00DC6AEE /* Lottie */,
			);
			productName = IntroSlider;
			productReference = D11B1817296022A800DC6AEE /* IntroSlider.app */;
			productType = "com.apple.product-type.application";
		};
/* End PBXNativeTarget section */

/* Begin PBXProject section */
		D11B180F296022A800DC6AEE /* Project object */ = {
			isa = PBXProject;
			attributes = {
				BuildIndependentTargetsInParallel = 1;
				LastSwiftUpdateCheck = 1400;
				LastUpgradeCheck = 1400;
				TargetAttributes = {
					D11B1816296022A800DC6AEE = {
						CreatedOnToolsVersion = 14.0;
					};
				};
			};
			buildConfigurationList = D11B1812296022A800DC6AEE /* Build configuration list for PBXProject "IntroSlider" */;
			compatibilityVersion = "Xcode 14.0";
			developmentRegion = en;
			hasScannedForEncodings = 0;
			knownRegions = (
				en,
				Base,
			);
			mainGroup = D11B180E296022A800DC6AEE;
			packageReferences = (
				D11B18282960230A00DC6AEE /* XCRemoteSwiftPackageReference "lottie-ios" */,
			);
			productRefGroup = D11B1818296022A800DC6AEE /* Products */;
			projectDirPath = "";
			projectRoot = "";
			targets = (
				D11B1816296022A800DC6AEE /* IntroSlider */,
			);
		};
/* End PBXProject section */

/* Begin PBXResourcesBuildPhase section */
		D11B1815296022A800DC6AEE /* Resources */ = {
			isa = PBXResourcesBuildPhase;
			buildActionMask = 2147483647;
			files = (
				D11B183629602B6400DC6AEE /* lottie3.json in Resources */,
				D11B183729602B6400DC6AEE /* lottie1.json in Resources */,
				D11B183829602B6400DC6AEE /* lottie2.json in Resources */,
				D11B1822296022AA00DC6AEE /* Preview Assets.xcassets in Resources */,
				D11B181F296022AA00DC6AEE /* Assets.xcassets in Resources */,
			);
			runOnlyForDeploymentPostprocessing = 0;
		};
/* End PBXResourcesBuildPhase section */

/* Begin PBXSourcesBuildPhase section */
		D11B1813296022A800DC6AEE /* Sources */ = {
			isa = PBXSourcesBuildPhase;
			buildActionMask = 2147483647;
			files = (
				D11B18302960238600DC6AEE /* OnboardingScreen.swift in Sources */,
				D11B181D296022A800DC6AEE /* ContentView.swift in Sources */,
				D11B181B296022A800DC6AEE /* IntroSliderApp.swift in Sources */,
				D11B183A29602BD900DC6AEE /* Then.swift in Sources */,
				D11B182E2960232700DC6AEE /* OnboardingItem.swift in Sources */,
			);
			runOnlyForDeploymentPostprocessing = 0;
		};
/* End PBXSourcesBuildPhase section */

/* Begin XCBuildConfiguration section */
		D11B1823296022AA00DC6AEE /* Debug */ = {
			isa = XCBuildConfiguration;
			buildSettings = {
				ALWAYS_SEARCH_USER_PATHS = NO;
				CLANG_ANALYZER_NONNULL = YES;
				CLANG_ANALYZER_NUMBER_OBJECT_CONVERSION = YES_AGGRESSIVE;
				CLANG_CXX_LANGUAGE_STANDARD = "gnu++20";
				CLANG_ENABLE_MODULES = YES;
				CLANG_ENABLE_OBJC_ARC = YES;
				CLANG_ENABLE_OBJC_WEAK = YES;
				CLANG_WARN_BLOCK_CAPTURE_AUTORELEASING = YES;
				CLANG_WARN_BOOL_CONVERSION = YES;
				CLANG_WARN_COMMA = YES;
				CLANG_WARN_CONSTANT_CONVERSION = YES;
				CLANG_WARN_DEPRECATED_OBJC_IMPLEMENTATIONS = YES;
				CLANG_WARN_DIRECT_OBJC_ISA_USAGE = YES_ERROR;
				CLANG_WARN_DOCUMENTATION_COMMENTS = YES;
				CLANG_WARN_EMPTY_BODY = YES;
				CLANG_WARN_ENUM_CONVERSION = YES;
				CLANG_WARN_INFINITE_RECURSION = YES;
				CLANG_WARN_INT_CONVERSION = YES;
				CLANG_WARN_NON_LITERAL_NULL_CONVERSION = YES;
				CLANG_WARN_OBJC_IMPLICIT_RETAIN_SELF = YES;
				CLANG_WARN_OBJC_LITERAL_CONVERSION = YES;
				CLANG_WARN_OBJC_ROOT_CLASS = YES_ERROR;
				CLANG_WARN_QUOTED_INCLUDE_IN_FRAMEWORK_HEADER = YES;
				CLANG_WARN_RANGE_LOOP_ANALYSIS = YES;
				CLANG_WARN_STRICT_PROTOTYPES = YES;
				CLANG_WARN_SUSPICIOUS_MOVE = YES;
				CLANG_WARN_UNGUARDED_AVAILABILITY = YES_AGGRESSIVE;
				CLANG_WARN_UNREACHABLE_CODE = YES;
				CLANG_WARN__DUPLICATE_METHOD_MATCH = YES;
				COPY_PHASE_STRIP = NO;
				DEBUG_INFORMATION_FORMAT = dwarf;
				ENABLE_STRICT_OBJC_MSGSEND = YES;
				ENABLE_TESTABILITY = YES;
				GCC_C_LANGUAGE_STANDARD = gnu11;
				GCC_DYNAMIC_NO_PIC = NO;
				GCC_NO_COMMON_BLOCKS = YES;
				GCC_OPTIMIZATION_LEVEL = 0;
				GCC_PREPROCESSOR_DEFINITIONS = (
					"DEBUG=1",
					"$(inherited)",
				);
				GCC_WARN_64_TO_32_BIT_CONVERSION = YES;
				GCC_WARN_ABOUT_RETURN_TYPE = YES_ERROR;
				GCC_WARN_UNDECLARED_SELECTOR = YES;
				GCC_WARN_UNINITIALIZED_AUTOS = YES_AGGRESSIVE;
				GCC_WARN_UNUSED_FUNCTION = YES;
				GCC_WARN_UNUSED_VARIABLE = YES;
				IPHONEOS_DEPLOYMENT_TARGET = 16.0;
				MTL_ENABLE_DEBUG_INFO = INCLUDE_SOURCE;
				MTL_FAST_MATH = YES;
				ONLY_ACTIVE_ARCH = YES;
				SDKROOT = iphoneos;
				SWIFT_ACTIVE_COMPILATION_CONDITIONS = DEBUG;
				SWIFT_OPTIMIZATION_LEVEL = "-Onone";
			};
			name = Debug;
		};
		D11B1824296022AA00DC6AEE /* Release */ = {
			isa = XCBuildConfiguration;
			buildSettings = {
				ALWAYS_SEARCH_USER_PATHS = NO;
				CLANG_ANALYZER_NONNULL = YES;
				CLANG_ANALYZER_NUMBER_OBJECT_CONVERSION = YES_AGGRESSIVE;
				CLANG_CXX_LANGUAGE_STANDARD = "gnu++20";
				CLANG_ENABLE_MODULES = YES;
				CLANG_ENABLE_OBJC_ARC = YES;
				CLANG_ENABLE_OBJC_WEAK = YES;
				CLANG_WARN_BLOCK_CAPTURE_AUTORELEASING = YES;
				CLANG_WARN_BOOL_CONVERSION = YES;
				CLANG_WARN_COMMA = YES;
				CLANG_WARN_CONSTANT_CONVERSION = YES;
				CLANG_WARN_DEPRECATED_OBJC_IMPLEMENTATIONS = YES;
				CLANG_WARN_DIRECT_OBJC_ISA_USAGE = YES_ERROR;
				CLANG_WARN_DOCUMENTATION_COMMENTS = YES;
				CLANG_WARN_EMPTY_BODY = YES;
				CLANG_WARN_ENUM_CONVERSION = YES;
				CLANG_WARN_INFINITE_RECURSION = YES;
				CLANG_WARN_INT_CONVERSION = YES;
				CLANG_WARN_NON_LITERAL_NULL_CONVERSION = YES;
				CLANG_WARN_OBJC_IMPLICIT_RETAIN_SELF = YES;
				CLANG_WARN_OBJC_LITERAL_CONVERSION = YES;
				CLANG_WARN_OBJC_ROOT_CLASS = YES_ERROR;
				CLANG_WARN_QUOTED_INCLUDE_IN_FRAMEWORK_HEADER = YES;
				CLANG_WARN_RANGE_LOOP_ANALYSIS = YES;
				CLANG_WARN_STRICT_PROTOTYPES = YES;
				CLANG_WARN_SUSPICIOUS_MOVE = YES;
				CLANG_WARN_UNGUARDED_AVAILABILITY = YES_AGGRESSIVE;
				CLANG_WARN_UNREACHABLE_CODE = YES;
				CLANG_WARN__DUPLICATE_METHOD_MATCH = YES;
				COPY_PHASE_STRIP = NO;
				DEBUG_INFORMATION_FORMAT = "dwarf-with-dsym";
				ENABLE_NS_ASSERTIONS = NO;
				ENABLE_STRICT_OBJC_MSGSEND = YES;
				GCC_C_LANGUAGE_STANDARD = gnu11;
				GCC_NO_COMMON_BLOCKS = YES;
				GCC_WARN_64_TO_32_BIT_CONVERSION = YES;
				GCC_WARN_ABOUT_RETURN_TYPE = YES_ERROR;
				GCC_WARN_UNDECLARED_SELECTOR = YES;
				GCC_WARN_UNINITIALIZED_AUTOS = YES_AGGRESSIVE;
				GCC_WARN_UNUSED_FUNCTION = YES;
				GCC_WARN_UNUSED_VARIABLE = YES;
				IPHONEOS_DEPLOYMENT_TARGET = 16.0;
				MTL_ENABLE_DEBUG_INFO = NO;
				MTL_FAST_MATH = YES;
				SDKROOT = iphoneos;
				SWIFT_COMPILATION_MODE = wholemodule;
				SWIFT_OPTIMIZATION_LEVEL = "-O";
				VALIDATE_PRODUCT = YES;
			};
			name = Release;
		};
		D11B1826296022AA00DC6AEE /* Debug */ = {
			isa = XCBuildConfiguration;
			buildSettings = {
				ASSETCATALOG_COMPILER_APPICON_NAME = AppIcon;
				ASSETCATALOG_COMPILER_GLOBAL_ACCENT_COLOR_NAME = AccentColor;
				CODE_SIGN_STYLE = Automatic;
				CURRENT_PROJECT_VERSION = 1;
				DEVELOPMENT_ASSET_PATHS = "\"IntroSlider/Preview Content\"";
				DEVELOPMENT_TEAM = A68GE6N6TQ;
				ENABLE_PREVIEWS = YES;
				GENERATE_INFOPLIST_FILE = YES;
				INFOPLIST_KEY_UIApplicationSceneManifest_Generation = YES;
				INFOPLIST_KEY_UIApplicationSupportsIndirectInputEvents = YES;
				INFOPLIST_KEY_UILaunchScreen_Generation = YES;
				INFOPLIST_KEY_UISupportedInterfaceOrientations_iPad = "UIInterfaceOrientationPortrait UIInterfaceOrientationPortraitUpsideDown UIInterfaceOrientationLandscapeLeft UIInterfaceOrientationLandscapeRight";
				INFOPLIST_KEY_UISupportedInterfaceOrientations_iPhone = "UIInterfaceOrientationPortrait UIInterfaceOrientationLandscapeLeft UIInterfaceOrientationLandscapeRight";
				LD_RUNPATH_SEARCH_PATHS = (
					"$(inherited)",
					"@executable_path/Frameworks",
				);
				MARKETING_VERSION = 1.0;
				PRODUCT_BUNDLE_IDENTIFIER = com.norberthorvath.swiftui.IntroSlider;
				PRODUCT_NAME = "$(TARGET_NAME)";
				SWIFT_EMIT_LOC_STRINGS = YES;
				SWIFT_VERSION = 5.0;
				TARGETED_DEVICE_FAMILY = "1,2";
			};
			name = Debug;
		};
		D11B1827296022AA00DC6AEE /* Release */ = {
			isa = XCBuildConfiguration;
			buildSettings = {
				ASSETCATALOG_COMPILER_APPICON_NAME = AppIcon;
				ASSETCATALOG_COMPILER_GLOBAL_ACCENT_COLOR_NAME = AccentColor;
				CODE_SIGN_STYLE = Automatic;
				CURRENT_PROJECT_VERSION = 1;
				DEVELOPMENT_ASSET_PATHS = "\"IntroSlider/Preview Content\"";
				DEVELOPMENT_TEAM = A68GE6N6TQ;
				ENABLE_PREVIEWS = YES;
				GENERATE_INFOPLIST_FILE = YES;
				INFOPLIST_KEY_UIApplicationSceneManifest_Generation = YES;
				INFOPLIST_KEY_UIApplicationSupportsIndirectInputEvents = YES;
				INFOPLIST_KEY_UILaunchScreen_Generation = YES;
				INFOPLIST_KEY_UISupportedInterfaceOrientations_iPad = "UIInterfaceOrientationPortrait UIInterfaceOrientationPortraitUpsideDown UIInterfaceOrientationLandscapeLeft UIInterfaceOrientationLandscapeRight";
				INFOPLIST_KEY_UISupportedInterfaceOrientations_iPhone = "UIInterfaceOrientationPortrait UIInterfaceOrientationLandscapeLeft UIInterfaceOrientationLandscapeRight";
				LD_RUNPATH_SEARCH_PATHS = (
					"$(inherited)",
					"@executable_path/Frameworks",
				);
				MARKETING_VERSION = 1.0;
				PRODUCT_BUNDLE_IDENTIFIER = com.norberthorvath.swiftui.IntroSlider;
				PRODUCT_NAME = "$(TARGET_NAME)";
				SWIFT_EMIT_LOC_STRINGS = YES;
				SWIFT_VERSION = 5.0;
				TARGETED_DEVICE_FAMILY = "1,2";
			};
			name = Release;
		};
/* End XCBuildConfiguration section */

/* Begin XCConfigurationList section */
		D11B1812296022A800DC6AEE /* Build configuration list for PBXProject "IntroSlider" */ = {
			isa = XCConfigurationList;
			buildConfigurations = (
				D11B1823296022AA00DC6AEE /* Debug */,
				D11B1824296022AA00DC6AEE /* Release */,
			);
			defaultConfigurationIsVisible = 0;
			defaultConfigurationName = Release;
		};
		D11B1825296022AA00DC6AEE /* Build configuration list for PBXNativeTarget "IntroSlider" */ = {
			isa = XCConfigurationList;
			buildConfigurations = (
				D11B1826296022AA00DC6AEE /* Debug */,
				D11B1827296022AA00DC6AEE /* Release */,
			);
			defaultConfigurationIsVisible = 0;
			defaultConfigurationName = Release;
		};
/* End XCConfigurationList section */

/* Begin XCRemoteSwiftPackageReference section */
		D11B18282960230A00DC6AEE /* XCRemoteSwiftPackageReference "lottie-ios" */ = {
			isa = XCRemoteSwiftPackageReference;
			repositoryURL = "https://github.com/airbnb/lottie-ios";
			requirement = {
				kind = upToNextMajorVersion;
				minimumVersion = 4.0.0;
			};
		};
/* End XCRemoteSwiftPackageReference section */

/* Begin XCSwiftPackageProductDependency section */
		D11B18292960230B00DC6AEE /* Lottie */ = {
			isa = XCSwiftPackageProductDependency;
			package = D11B18282960230A00DC6AEE /* XCRemoteSwiftPackageReference "lottie-ios" */;
			productName = Lottie;
		};
/* End XCSwiftPackageProductDependency section */
	};
	rootObject = D11B180F296022A800DC6AEE /* Project object */;
}
